{
  "originHash" : "5eab9f7d4d4ae4163fb4395fbbc99ed5d095834d215a5646463fd7dd7bbee6a1",
  "pins" : [
    {
      "identity" : "bottomsheet",
      "kind" : "remoteSourceControl",
      "location" : "git@github.com:lucaszischka/BottomSheet.git",
      "state" : {
        "revision" : "720ddbd1371fef2a09cc1ab65fc503df37767f9c",
        "version" : "3.1.1"
      }
    },
    {
      "identity" : "viewtoappiconset",
      "kind" : "remoteSourceControl",
      "location" : "git@github.com:StefKors/ViewToAppIconSet.git",
      "state" : {
        "branch" : "main",
        "revision" : "57b1848dd0162206aa36d675138a1db1043922dc"
      }
    }
  ],
  "version" : 3
}
