{
  "pins" : [
    {
      "identity" : "viewtoappiconset",
      "kind" : "remoteSourceControl",
      "location" : "git@github.com:StefKors/ViewToAppIconSet.git",
      "state" : {
        "branch" : "main",
        "revision" : "031a6277ee8ac7dbd24fed1eb04b7736e1c8c77f"
      }
    }
  ],
  "version" : 2
}
