// !$*UTF8*$!
{
	archiveVersion = 1;
	classes = {
	};
	objectVersion = 56;
	objects = {

/* Begin PBXBuildFile section */
		8A060369299BEE760089B5E6 /* Color+AppStorage.swift in Sources */ = {isa = PBXBuildFile; fileRef = 8A060368299BEE760089B5E6 /* Color+AppStorage.swift */; };
		8A060374299D013B0089B5E6 /* FormattedView.swift in Sources */ = {isa = PBXBuildFile; fileRef = 8A060373299D013B0089B5E6 /* FormattedView.swift */; };
		8A060376299D01500089B5E6 /* InlineView.swift in Sources */ = {isa = PBXBuildFile; fileRef = 8A060375299D01500089B5E6 /* InlineView.swift */; };
		8A060378299D022A0089B5E6 /* Color+Extensions.swift in Sources */ = {isa = PBXBuildFile; fileRef = 8A060377299D022A0089B5E6 /* Color+Extensions.swift */; };
		8A97DDB3299BCF29001E25E1 /* ColorPickerApp.swift in Sources */ = {isa = PBXBuildFile; fileRef = 8A97DDB2299BCF29001E25E1 /* ColorPickerApp.swift */; };
		8A97DDB5299BCF29001E25E1 /* ContentView.swift in Sources */ = {isa = PBXBuildFile; fileRef = 8A97DDB4299BCF29001E25E1 /* ContentView.swift */; };
		8A97DDB7299BCF2B001E25E1 /* Assets.xcassets in Resources */ = {isa = PBXBuildFile; fileRef = 8A97DDB6299BCF2B001E25E1 /* Assets.xcassets */; };
		8A97DDBA299BCF2B001E25E1 /* Preview Assets.xcassets in Resources */ = {isa = PBXBuildFile; fileRef = 8A97DDB9299BCF2B001E25E1 /* Preview Assets.xcassets */; };
		8A97DDC5299BCF2B001E25E1 /* ColorPickerTests.swift in Sources */ = {isa = PBXBuildFile; fileRef = 8A97DDC4299BCF2B001E25E1 /* ColorPickerTests.swift */; };
		8A97DDCF299BCF2B001E25E1 /* ColorPickerUITests.swift in Sources */ = {isa = PBXBuildFile; fileRef = 8A97DDCE299BCF2B001E25E1 /* ColorPickerUITests.swift */; };
		8A97DDD1299BCF2B001E25E1 /* ColorPickerUITestsLaunchTests.swift in Sources */ = {isa = PBXBuildFile; fileRef = 8A97DDD0299BCF2B001E25E1 /* ColorPickerUITestsLaunchTests.swift */; };
		8AC9B5D2299FCAF3003A4D55 /* README.md in Resources */ = {isa = PBXBuildFile; fileRef = 8AC9B5D1299FCAF3003A4D55 /* README.md */; };
		8AC9B5E0299FCB6C003A4D55 /* Screenshot-dark.png in Resources */ = {isa = PBXBuildFile; fileRef = 8AC9B5D4299FCB6C003A4D55 /* Screenshot-dark.png */; };
		8AC9B5E1299FCB6C003A4D55 /* watchos.svg in Resources */ = {isa = PBXBuildFile; fileRef = 8AC9B5D5299FCB6C003A4D55 /* watchos.svg */; };
		8AC9B5E2299FCB6C003A4D55 /* ipados-active.svg in Resources */ = {isa = PBXBuildFile; fileRef = 8AC9B5D6299FCB6C003A4D55 /* ipados-active.svg */; };
		8AC9B5E3299FCB6C003A4D55 /* Screenshot-light.png in Resources */ = {isa = PBXBuildFile; fileRef = 8AC9B5D7299FCB6C003A4D55 /* Screenshot-light.png */; };
		8AC9B5E4299FCB6C003A4D55 /* ios-active.svg in Resources */ = {isa = PBXBuildFile; fileRef = 8AC9B5D8299FCB6C003A4D55 /* ios-active.svg */; };
		8AC9B5E5299FCB6C003A4D55 /* watchos-active.svg in Resources */ = {isa = PBXBuildFile; fileRef = 8AC9B5D9299FCB6C003A4D55 /* watchos-active.svg */; };
		8AC9B5E6299FCB6C003A4D55 /* tvos.svg in Resources */ = {isa = PBXBuildFile; fileRef = 8AC9B5DA299FCB6C003A4D55 /* tvos.svg */; };
		8AC9B5E7299FCB6C003A4D55 /* ipados.svg in Resources */ = {isa = PBXBuildFile; fileRef = 8AC9B5DB299FCB6C003A4D55 /* ipados.svg */; };
		8AC9B5E8299FCB6C003A4D55 /* macos-active.svg in Resources */ = {isa = PBXBuildFile; fileRef = 8AC9B5DC299FCB6C003A4D55 /* macos-active.svg */; };
		8AC9B5E9299FCB6C003A4D55 /* ios.svg in Resources */ = {isa = PBXBuildFile; fileRef = 8AC9B5DD299FCB6C003A4D55 /* ios.svg */; };
		8AC9B5EA299FCB6C003A4D55 /* macos.svg in Resources */ = {isa = PBXBuildFile; fileRef = 8AC9B5DE299FCB6C003A4D55 /* macos.svg */; };
		8AC9B5EB299FCB6C003A4D55 /* tvos-active.svg in Resources */ = {isa = PBXBuildFile; fileRef = 8AC9B5DF299FCB6C003A4D55 /* tvos-active.svg */; };
		8AD49F8F2A1CE0B400AD5321 /* ViewToAppIconSet in Frameworks */ = {isa = PBXBuildFile; productRef = 8AD49F8E2A1CE0B400AD5321 /* ViewToAppIconSet */; };
		8AD49F912A1CE1EE00AD5321 /* AppIcon.swift in Sources */ = {isa = PBXBuildFile; fileRef = 8AD49F902A1CE1EE00AD5321 /* AppIcon.swift */; };
		8AF9CA612A1D037800C23CF9 /* MenubarLabelView.swift in Sources */ = {isa = PBXBuildFile; fileRef = 8AF9CA602A1D037800C23CF9 /* MenubarLabelView.swift */; };
/* End PBXBuildFile section */

/* Begin PBXContainerItemProxy section */
		8A97DDC1299BCF2B001E25E1 /* PBXContainerItemProxy */ = {
			isa = PBXContainerItemProxy;
			containerPortal = 8A97DDA7299BCF29001E25E1 /* Project object */;
			proxyType = 1;
			remoteGlobalIDString = 8A97DDAE299BCF29001E25E1;
			remoteInfo = ColorPicker;
		};
		8A97DDCB299BCF2B001E25E1 /* PBXContainerItemProxy */ = {
			isa = PBXContainerItemProxy;
			containerPortal = 8A97DDA7299BCF29001E25E1 /* Project object */;
			proxyType = 1;
			remoteGlobalIDString = 8A97DDAE299BCF29001E25E1;
			remoteInfo = ColorPicker;
		};
/* End PBXContainerItemProxy section */

/* Begin PBXFileReference section */
		8A060368299BEE760089B5E6 /* Color+AppStorage.swift */ = {isa = PBXFileReference; lastKnownFileType = sourcecode.swift; path = "Color+AppStorage.swift"; sourceTree = "<group>"; };
		8A060373299D013B0089B5E6 /* FormattedView.swift */ = {isa = PBXFileReference; lastKnownFileType = sourcecode.swift; path = FormattedView.swift; sourceTree = "<group>"; };
		8A060375299D01500089B5E6 /* InlineView.swift */ = {isa = PBXFileReference; lastKnownFileType = sourcecode.swift; path = InlineView.swift; sourceTree = "<group>"; };
		8A060377299D022A0089B5E6 /* Color+Extensions.swift */ = {isa = PBXFileReference; fileEncoding = 4; lastKnownFileType = sourcecode.swift; path = "Color+Extensions.swift"; sourceTree = "<group>"; };
		8A97DDAF299BCF29001E25E1 /* Affability.app */ = {isa = PBXFileReference; explicitFileType = wrapper.application; includeInIndex = 0; path = Affability.app; sourceTree = BUILT_PRODUCTS_DIR; };
		8A97DDB2299BCF29001E25E1 /* ColorPickerApp.swift */ = {isa = PBXFileReference; lastKnownFileType = sourcecode.swift; path = ColorPickerApp.swift; sourceTree = "<group>"; };
		8A97DDB4299BCF29001E25E1 /* ContentView.swift */ = {isa = PBXFileReference; lastKnownFileType = sourcecode.swift; path = ContentView.swift; sourceTree = "<group>"; };
		8A97DDB6299BCF2B001E25E1 /* Assets.xcassets */ = {isa = PBXFileReference; lastKnownFileType = folder.assetcatalog; path = Assets.xcassets; sourceTree = "<group>"; };
		8A97DDB9299BCF2B001E25E1 /* Preview Assets.xcassets */ = {isa = PBXFileReference; lastKnownFileType = folder.assetcatalog; path = "Preview Assets.xcassets"; sourceTree = "<group>"; };
		8A97DDBB299BCF2B001E25E1 /* ColorPicker.entitlements */ = {isa = PBXFileReference; lastKnownFileType = text.plist.entitlements; path = ColorPicker.entitlements; sourceTree = "<group>"; };
		8A97DDC0299BCF2B001E25E1 /* ColorPickerTests.xctest */ = {isa = PBXFileReference; explicitFileType = wrapper.cfbundle; includeInIndex = 0; path = ColorPickerTests.xctest; sourceTree = BUILT_PRODUCTS_DIR; };
		8A97DDC4299BCF2B001E25E1 /* ColorPickerTests.swift */ = {isa = PBXFileReference; lastKnownFileType = sourcecode.swift; path = ColorPickerTests.swift; sourceTree = "<group>"; };
		8A97DDCA299BCF2B001E25E1 /* ColorPickerUITests.xctest */ = {isa = PBXFileReference; explicitFileType = wrapper.cfbundle; includeInIndex = 0; path = ColorPickerUITests.xctest; sourceTree = BUILT_PRODUCTS_DIR; };
		8A97DDCE299BCF2B001E25E1 /* ColorPickerUITests.swift */ = {isa = PBXFileReference; lastKnownFileType = sourcecode.swift; path = ColorPickerUITests.swift; sourceTree = "<group>"; };
		8A97DDD0299BCF2B001E25E1 /* ColorPickerUITestsLaunchTests.swift */ = {isa = PBXFileReference; lastKnownFileType = sourcecode.swift; path = ColorPickerUITestsLaunchTests.swift; sourceTree = "<group>"; };
		8AC9B5D1299FCAF3003A4D55 /* README.md */ = {isa = PBXFileReference; fileEncoding = 4; lastKnownFileType = net.daringfireball.markdown; path = README.md; sourceTree = "<group>"; };
		8AC9B5D4299FCB6C003A4D55 /* Screenshot-dark.png */ = {isa = PBXFileReference; lastKnownFileType = image.png; path = "Screenshot-dark.png"; sourceTree = "<group>"; };
		8AC9B5D5299FCB6C003A4D55 /* watchos.svg */ = {isa = PBXFileReference; fileEncoding = 4; lastKnownFileType = text.xml; path = watchos.svg; sourceTree = "<group>"; };
		8AC9B5D6299FCB6C003A4D55 /* ipados-active.svg */ = {isa = PBXFileReference; fileEncoding = 4; lastKnownFileType = text.xml; path = "ipados-active.svg"; sourceTree = "<group>"; };
		8AC9B5D7299FCB6C003A4D55 /* Screenshot-light.png */ = {isa = PBXFileReference; lastKnownFileType = image.png; path = "Screenshot-light.png"; sourceTree = "<group>"; };
		8AC9B5D8299FCB6C003A4D55 /* ios-active.svg */ = {isa = PBXFileReference; fileEncoding = 4; lastKnownFileType = text.xml; path = "ios-active.svg"; sourceTree = "<group>"; };
		8AC9B5D9299FCB6C003A4D55 /* watchos-active.svg */ = {isa = PBXFileReference; fileEncoding = 4; lastKnownFileType = text.xml; path = "watchos-active.svg"; sourceTree = "<group>"; };
		8AC9B5DA299FCB6C003A4D55 /* tvos.svg */ = {isa = PBXFileReference; fileEncoding = 4; lastKnownFileType = text.xml; path = tvos.svg; sourceTree = "<group>"; };
		8AC9B5DB299FCB6C003A4D55 /* ipados.svg */ = {isa = PBXFileReference; fileEncoding = 4; lastKnownFileType = text.xml; path = ipados.svg; sourceTree = "<group>"; };
		8AC9B5DC299FCB6C003A4D55 /* macos-active.svg */ = {isa = PBXFileReference; fileEncoding = 4; lastKnownFileType = text.xml; path = "macos-active.svg"; sourceTree = "<group>"; };
		8AC9B5DD299FCB6C003A4D55 /* ios.svg */ = {isa = PBXFileReference; fileEncoding = 4; lastKnownFileType = text.xml; path = ios.svg; sourceTree = "<group>"; };
		8AC9B5DE299FCB6C003A4D55 /* macos.svg */ = {isa = PBXFileReference; fileEncoding = 4; lastKnownFileType = text.xml; path = macos.svg; sourceTree = "<group>"; };
		8AC9B5DF299FCB6C003A4D55 /* tvos-active.svg */ = {isa = PBXFileReference; fileEncoding = 4; lastKnownFileType = text.xml; path = "tvos-active.svg"; sourceTree = "<group>"; };
		8AD49F902A1CE1EE00AD5321 /* AppIcon.swift */ = {isa = PBXFileReference; lastKnownFileType = sourcecode.swift; path = AppIcon.swift; sourceTree = "<group>"; };
		8AF9CA602A1D037800C23CF9 /* MenubarLabelView.swift */ = {isa = PBXFileReference; lastKnownFileType = sourcecode.swift; path = MenubarLabelView.swift; sourceTree = "<group>"; };
/* End PBXFileReference section */

/* Begin PBXFrameworksBuildPhase section */
		8A97DDAC299BCF29001E25E1 /* Frameworks */ = {
			isa = PBXFrameworksBuildPhase;
			buildActionMask = 2147483647;
			files = (
				8AD49F8F2A1CE0B400AD5321 /* ViewToAppIconSet in Frameworks */,
			);
			runOnlyForDeploymentPostprocessing = 0;
		};
		8A97DDBD299BCF2B001E25E1 /* Frameworks */ = {
			isa = PBXFrameworksBuildPhase;
			buildActionMask = 2147483647;
			files = (
			);
			runOnlyForDeploymentPostprocessing = 0;
		};
		8A97DDC7299BCF2B001E25E1 /* Frameworks */ = {
			isa = PBXFrameworksBuildPhase;
			buildActionMask = 2147483647;
			files = (
			);
			runOnlyForDeploymentPostprocessing = 0;
		};
/* End PBXFrameworksBuildPhase section */

/* Begin PBXGroup section */
		8A97DDA6299BCF29001E25E1 = {
			isa = PBXGroup;
			children = (
				8A97DDB1299BCF29001E25E1 /* ColorPicker */,
				8A97DDC3299BCF2B001E25E1 /* ColorPickerTests */,
				8A97DDCD299BCF2B001E25E1 /* ColorPickerUITests */,
				8AC9B5D3299FCB6C003A4D55 /* Images */,
				8A97DDB0299BCF29001E25E1 /* Products */,
				8AC9B5D1299FCAF3003A4D55 /* README.md */,
			);
			sourceTree = "<group>";
		};
		8A97DDB0299BCF29001E25E1 /* Products */ = {
			isa = PBXGroup;
			children = (
				8A97DDAF299BCF29001E25E1 /* Affability.app */,
				8A97DDC0299BCF2B001E25E1 /* ColorPickerTests.xctest */,
				8A97DDCA299BCF2B001E25E1 /* ColorPickerUITests.xctest */,
			);
			name = Products;
			sourceTree = "<group>";
		};
		8A97DDB1299BCF29001E25E1 /* ColorPicker */ = {
			isa = PBXGroup;
			children = (
				8AD49F8C2A1CE04A00AD5321 /* Extensions */,
				8AD49F8B2A1CDF0E00AD5321 /* Views */,
				8A97DDBB299BCF2B001E25E1 /* ColorPicker.entitlements */,
				8A97DDB2299BCF29001E25E1 /* ColorPickerApp.swift */,
				8A97DDB6299BCF2B001E25E1 /* Assets.xcassets */,
				8A97DDB8299BCF2B001E25E1 /* Preview Content */,
			);
			path = ColorPicker;
			sourceTree = "<group>";
		};
		8A97DDB8299BCF2B001E25E1 /* Preview Content */ = {
			isa = PBXGroup;
			children = (
				8A97DDB9299BCF2B001E25E1 /* Preview Assets.xcassets */,
			);
			path = "Preview Content";
			sourceTree = "<group>";
		};
		8A97DDC3299BCF2B001E25E1 /* ColorPickerTests */ = {
			isa = PBXGroup;
			children = (
				8A97DDC4299BCF2B001E25E1 /* ColorPickerTests.swift */,
			);
			path = ColorPickerTests;
			sourceTree = "<group>";
		};
		8A97DDCD299BCF2B001E25E1 /* ColorPickerUITests */ = {
			isa = PBXGroup;
			children = (
				8A97DDCE299BCF2B001E25E1 /* ColorPickerUITests.swift */,
				8A97DDD0299BCF2B001E25E1 /* ColorPickerUITestsLaunchTests.swift */,
			);
			path = ColorPickerUITests;
			sourceTree = "<group>";
		};
		8AC9B5D3299FCB6C003A4D55 /* Images */ = {
			isa = PBXGroup;
			children = (
				8AC9B5D4299FCB6C003A4D55 /* Screenshot-dark.png */,
				8AC9B5D5299FCB6C003A4D55 /* watchos.svg */,
				8AC9B5D6299FCB6C003A4D55 /* ipados-active.svg */,
				8AC9B5D7299FCB6C003A4D55 /* Screenshot-light.png */,
				8AC9B5D8299FCB6C003A4D55 /* ios-active.svg */,
				8AC9B5D9299FCB6C003A4D55 /* watchos-active.svg */,
				8AC9B5DA299FCB6C003A4D55 /* tvos.svg */,
				8AC9B5DB299FCB6C003A4D55 /* ipados.svg */,
				8AC9B5DC299FCB6C003A4D55 /* macos-active.svg */,
				8AC9B5DD299FCB6C003A4D55 /* ios.svg */,
				8AC9B5DE299FCB6C003A4D55 /* macos.svg */,
				8AC9B5DF299FCB6C003A4D55 /* tvos-active.svg */,
			);
			path = Images;
			sourceTree = "<group>";
		};
		8AD49F8B2A1CDF0E00AD5321 /* Views */ = {
			isa = PBXGroup;
			children = (
				8A97DDB4299BCF29001E25E1 /* ContentView.swift */,
				8A060373299D013B0089B5E6 /* FormattedView.swift */,
				8A060375299D01500089B5E6 /* InlineView.swift */,
				8AD49F902A1CE1EE00AD5321 /* AppIcon.swift */,
				8AF9CA602A1D037800C23CF9 /* MenubarLabelView.swift */,
			);
			path = Views;
			sourceTree = "<group>";
		};
		8AD49F8C2A1CE04A00AD5321 /* Extensions */ = {
			isa = PBXGroup;
			children = (
				8A060368299BEE760089B5E6 /* Color+AppStorage.swift */,
				8A060377299D022A0089B5E6 /* Color+Extensions.swift */,
			);
			path = Extensions;
			sourceTree = "<group>";
		};
/* End PBXGroup section */

/* Begin PBXNativeTarget section */
		8A97DDAE299BCF29001E25E1 /* ColorPicker */ = {
			isa = PBXNativeTarget;
			buildConfigurationList = 8A97DDD4299BCF2B001E25E1 /* Build configuration list for PBXNativeTarget "ColorPicker" */;
			buildPhases = (
				8A97DDAB299BCF29001E25E1 /* Sources */,
				8A97DDAC299BCF29001E25E1 /* Frameworks */,
				8A97DDAD299BCF29001E25E1 /* Resources */,
			);
			buildRules = (
			);
			dependencies = (
			);
			name = ColorPicker;
			packageProductDependencies = (
				8AD49F8E2A1CE0B400AD5321 /* ViewToAppIconSet */,
			);
			productName = ColorPicker;
			productReference = 8A97DDAF299BCF29001E25E1 /* Affability.app */;
			productType = "com.apple.product-type.application";
		};
		8A97DDBF299BCF2B001E25E1 /* ColorPickerTests */ = {
			isa = PBXNativeTarget;
			buildConfigurationList = 8A97DDD7299BCF2B001E25E1 /* Build configuration list for PBXNativeTarget "ColorPickerTests" */;
			buildPhases = (
				8A97DDBC299BCF2B001E25E1 /* Sources */,
				8A97DDBD299BCF2B001E25E1 /* Frameworks */,
				8A97DDBE299BCF2B001E25E1 /* Resources */,
			);
			buildRules = (
			);
			dependencies = (
				8A97DDC2299BCF2B001E25E1 /* PBXTargetDependency */,
			);
			name = ColorPickerTests;
			productName = ColorPickerTests;
			productReference = 8A97DDC0299BCF2B001E25E1 /* ColorPickerTests.xctest */;
			productType = "com.apple.product-type.bundle.unit-test";
		};
		8A97DDC9299BCF2B001E25E1 /* ColorPickerUITests */ = {
			isa = PBXNativeTarget;
			buildConfigurationList = 8A97DDDA299BCF2B001E25E1 /* Build configuration list for PBXNativeTarget "ColorPickerUITests" */;
			buildPhases = (
				8A97DDC6299BCF2B001E25E1 /* Sources */,
				8A97DDC7299BCF2B001E25E1 /* Frameworks */,
				8A97DDC8299BCF2B001E25E1 /* Resources */,
			);
			buildRules = (
			);
			dependencies = (
				8A97DDCC299BCF2B001E25E1 /* PBXTargetDependency */,
			);
			name = ColorPickerUITests;
			productName = ColorPickerUITests;
			productReference = 8A97DDCA299BCF2B001E25E1 /* ColorPickerUITests.xctest */;
			productType = "com.apple.product-type.bundle.ui-testing";
		};
/* End PBXNativeTarget section */

/* Begin PBXProject section */
		8A97DDA7299BCF29001E25E1 /* Project object */ = {
			isa = PBXProject;
			attributes = {
				BuildIndependentTargetsInParallel = 1;
				LastSwiftUpdateCheck = 1420;
				LastUpgradeCheck = 1430;
				TargetAttributes = {
					8A97DDAE299BCF29001E25E1 = {
						CreatedOnToolsVersion = 14.2;
					};
					8A97DDBF299BCF2B001E25E1 = {
						CreatedOnToolsVersion = 14.2;
						TestTargetID = 8A97DDAE299BCF29001E25E1;
					};
					8A97DDC9299BCF2B001E25E1 = {
						CreatedOnToolsVersion = 14.2;
						TestTargetID = 8A97DDAE299BCF29001E25E1;
					};
				};
			};
			buildConfigurationList = 8A97DDAA299BCF29001E25E1 /* Build configuration list for PBXProject "ColorPicker" */;
			compatibilityVersion = "Xcode 14.0";
			developmentRegion = en;
			hasScannedForEncodings = 0;
			knownRegions = (
				en,
				Base,
			);
			mainGroup = 8A97DDA6299BCF29001E25E1;
			packageReferences = (
				8AD49F8D2A1CE0B400AD5321 /* XCRemoteSwiftPackageReference "ViewToAppIconSet" */,
			);
			productRefGroup = 8A97DDB0299BCF29001E25E1 /* Products */;
			projectDirPath = "";
			projectRoot = "";
			targets = (
				8A97DDAE299BCF29001E25E1 /* ColorPicker */,
				8A97DDBF299BCF2B001E25E1 /* ColorPickerTests */,
				8A97DDC9299BCF2B001E25E1 /* ColorPickerUITests */,
			);
		};
/* End PBXProject section */

/* Begin PBXResourcesBuildPhase section */
		8A97DDAD299BCF29001E25E1 /* Resources */ = {
			isa = PBXResourcesBuildPhase;
			buildActionMask = 2147483647;
			files = (
				8A97DDBA299BCF2B001E25E1 /* Preview Assets.xcassets in Resources */,
				8A97DDB7299BCF2B001E25E1 /* Assets.xcassets in Resources */,
			);
			runOnlyForDeploymentPostprocessing = 0;
		};
		8A97DDBE299BCF2B001E25E1 /* Resources */ = {
			isa = PBXResourcesBuildPhase;
			buildActionMask = 2147483647;
			files = (
			);
			runOnlyForDeploymentPostprocessing = 0;
		};
		8A97DDC8299BCF2B001E25E1 /* Resources */ = {
			isa = PBXResourcesBuildPhase;
			buildActionMask = 2147483647;
			files = (
				8AC9B5E8299FCB6C003A4D55 /* macos-active.svg in Resources */,
				8AC9B5E4299FCB6C003A4D55 /* ios-active.svg in Resources */,
				8AC9B5E2299FCB6C003A4D55 /* ipados-active.svg in Resources */,
				8AC9B5E6299FCB6C003A4D55 /* tvos.svg in Resources */,
				8AC9B5E5299FCB6C003A4D55 /* watchos-active.svg in Resources */,
				8AC9B5D2299FCAF3003A4D55 /* README.md in Resources */,
				8AC9B5EA299FCB6C003A4D55 /* macos.svg in Resources */,
				8AC9B5E3299FCB6C003A4D55 /* Screenshot-light.png in Resources */,
				8AC9B5EB299FCB6C003A4D55 /* tvos-active.svg in Resources */,
				8AC9B5E0299FCB6C003A4D55 /* Screenshot-dark.png in Resources */,
				8AC9B5E9299FCB6C003A4D55 /* ios.svg in Resources */,
				8AC9B5E1299FCB6C003A4D55 /* watchos.svg in Resources */,
				8AC9B5E7299FCB6C003A4D55 /* ipados.svg in Resources */,
			);
			runOnlyForDeploymentPostprocessing = 0;
		};
/* End PBXResourcesBuildPhase section */

/* Begin PBXSourcesBuildPhase section */
		8A97DDAB299BCF29001E25E1 /* Sources */ = {
			isa = PBXSourcesBuildPhase;
			buildActionMask = 2147483647;
			files = (
				8A97DDB5299BCF29001E25E1 /* ContentView.swift in Sources */,
				8A060369299BEE760089B5E6 /* Color+AppStorage.swift in Sources */,
				8A060374299D013B0089B5E6 /* FormattedView.swift in Sources */,
				8A060376299D01500089B5E6 /* InlineView.swift in Sources */,
				8AD49F912A1CE1EE00AD5321 /* AppIcon.swift in Sources */,
				8A060378299D022A0089B5E6 /* Color+Extensions.swift in Sources */,
				8AF9CA612A1D037800C23CF9 /* MenubarLabelView.swift in Sources */,
				8A97DDB3299BCF29001E25E1 /* ColorPickerApp.swift in Sources */,
			);
			runOnlyForDeploymentPostprocessing = 0;
		};
		8A97DDBC299BCF2B001E25E1 /* Sources */ = {
			isa = PBXSourcesBuildPhase;
			buildActionMask = 2147483647;
			files = (
				8A97DDC5299BCF2B001E25E1 /* ColorPickerTests.swift in Sources */,
			);
			runOnlyForDeploymentPostprocessing = 0;
		};
		8A97DDC6299BCF2B001E25E1 /* Sources */ = {
			isa = PBXSourcesBuildPhase;
			buildActionMask = 2147483647;
			files = (
				8A97DDD1299BCF2B001E25E1 /* ColorPickerUITestsLaunchTests.swift in Sources */,
				8A97DDCF299BCF2B001E25E1 /* ColorPickerUITests.swift in Sources */,
			);
			runOnlyForDeploymentPostprocessing = 0;
		};
/* End PBXSourcesBuildPhase section */

/* Begin PBXTargetDependency section */
		8A97DDC2299BCF2B001E25E1 /* PBXTargetDependency */ = {
			isa = PBXTargetDependency;
			target = 8A97DDAE299BCF29001E25E1 /* ColorPicker */;
			targetProxy = 8A97DDC1299BCF2B001E25E1 /* PBXContainerItemProxy */;
		};
		8A97DDCC299BCF2B001E25E1 /* PBXTargetDependency */ = {
			isa = PBXTargetDependency;
			target = 8A97DDAE299BCF29001E25E1 /* ColorPicker */;
			targetProxy = 8A97DDCB299BCF2B001E25E1 /* PBXContainerItemProxy */;
		};
/* End PBXTargetDependency section */

/* Begin XCBuildConfiguration section */
		8A97DDD2299BCF2B001E25E1 /* Debug */ = {
			isa = XCBuildConfiguration;
			buildSettings = {
				ALWAYS_SEARCH_USER_PATHS = NO;
				CLANG_ANALYZER_NONNULL = YES;
				CLANG_ANALYZER_NUMBER_OBJECT_CONVERSION = YES_AGGRESSIVE;
				CLANG_CXX_LANGUAGE_STANDARD = "gnu++20";
				CLANG_ENABLE_MODULES = YES;
				CLANG_ENABLE_OBJC_ARC = YES;
				CLANG_ENABLE_OBJC_WEAK = YES;
				CLANG_WARN_BLOCK_CAPTURE_AUTORELEASING = YES;
				CLANG_WARN_BOOL_CONVERSION = YES;
				CLANG_WARN_COMMA = YES;
				CLANG_WARN_CONSTANT_CONVERSION = YES;
				CLANG_WARN_DEPRECATED_OBJC_IMPLEMENTATIONS = YES;
				CLANG_WARN_DIRECT_OBJC_ISA_USAGE = YES_ERROR;
				CLANG_WARN_DOCUMENTATION_COMMENTS = YES;
				CLANG_WARN_EMPTY_BODY = YES;
				CLANG_WARN_ENUM_CONVERSION = YES;
				CLANG_WARN_INFINITE_RECURSION = YES;
				CLANG_WARN_INT_CONVERSION = YES;
				CLANG_WARN_NON_LITERAL_NULL_CONVERSION = YES;
				CLANG_WARN_OBJC_IMPLICIT_RETAIN_SELF = YES;
				CLANG_WARN_OBJC_LITERAL_CONVERSION = YES;
				CLANG_WARN_OBJC_ROOT_CLASS = YES_ERROR;
				CLANG_WARN_QUOTED_INCLUDE_IN_FRAMEWORK_HEADER = YES;
				CLANG_WARN_RANGE_LOOP_ANALYSIS = YES;
				CLANG_WARN_STRICT_PROTOTYPES = YES;
				CLANG_WARN_SUSPICIOUS_MOVE = YES;
				CLANG_WARN_UNGUARDED_AVAILABILITY = YES_AGGRESSIVE;
				CLANG_WARN_UNREACHABLE_CODE = YES;
				CLANG_WARN__DUPLICATE_METHOD_MATCH = YES;
				COPY_PHASE_STRIP = NO;
				DEAD_CODE_STRIPPING = YES;
				DEBUG_INFORMATION_FORMAT = dwarf;
				ENABLE_STRICT_OBJC_MSGSEND = YES;
				ENABLE_TESTABILITY = YES;
				GCC_C_LANGUAGE_STANDARD = gnu11;
				GCC_DYNAMIC_NO_PIC = NO;
				GCC_NO_COMMON_BLOCKS = YES;
				GCC_OPTIMIZATION_LEVEL = 0;
				GCC_PREPROCESSOR_DEFINITIONS = (
					"DEBUG=1",
					"$(inherited)",
				);
				GCC_WARN_64_TO_32_BIT_CONVERSION = YES;
				GCC_WARN_ABOUT_RETURN_TYPE = YES_ERROR;
				GCC_WARN_UNDECLARED_SELECTOR = YES;
				GCC_WARN_UNINITIALIZED_AUTOS = YES_AGGRESSIVE;
				GCC_WARN_UNUSED_FUNCTION = YES;
				GCC_WARN_UNUSED_VARIABLE = YES;
				MACOSX_DEPLOYMENT_TARGET = 13.3;
				MTL_ENABLE_DEBUG_INFO = INCLUDE_SOURCE;
				MTL_FAST_MATH = YES;
				ONLY_ACTIVE_ARCH = YES;
				SDKROOT = macosx;
				SWIFT_ACTIVE_COMPILATION_CONDITIONS = DEBUG;
				SWIFT_OPTIMIZATION_LEVEL = "-Onone";
			};
			name = Debug;
		};
		8A97DDD3299BCF2B001E25E1 /* Release */ = {
			isa = XCBuildConfiguration;
			buildSettings = {
				ALWAYS_SEARCH_USER_PATHS = NO;
				CLANG_ANALYZER_NONNULL = YES;
				CLANG_ANALYZER_NUMBER_OBJECT_CONVERSION = YES_AGGRESSIVE;
				CLANG_CXX_LANGUAGE_STANDARD = "gnu++20";
				CLANG_ENABLE_MODULES = YES;
				CLANG_ENABLE_OBJC_ARC = YES;
				CLANG_ENABLE_OBJC_WEAK = YES;
				CLANG_WARN_BLOCK_CAPTURE_AUTORELEASING = YES;
				CLANG_WARN_BOOL_CONVERSION = YES;
				CLANG_WARN_COMMA = YES;
				CLANG_WARN_CONSTANT_CONVERSION = YES;
				CLANG_WARN_DEPRECATED_OBJC_IMPLEMENTATIONS = YES;
				CLANG_WARN_DIRECT_OBJC_ISA_USAGE = YES_ERROR;
				CLANG_WARN_DOCUMENTATION_COMMENTS = YES;
				CLANG_WARN_EMPTY_BODY = YES;
				CLANG_WARN_ENUM_CONVERSION = YES;
				CLANG_WARN_INFINITE_RECURSION = YES;
				CLANG_WARN_INT_CONVERSION = YES;
				CLANG_WARN_NON_LITERAL_NULL_CONVERSION = YES;
				CLANG_WARN_OBJC_IMPLICIT_RETAIN_SELF = YES;
				CLANG_WARN_OBJC_LITERAL_CONVERSION = YES;
				CLANG_WARN_OBJC_ROOT_CLASS = YES_ERROR;
				CLANG_WARN_QUOTED_INCLUDE_IN_FRAMEWORK_HEADER = YES;
				CLANG_WARN_RANGE_LOOP_ANALYSIS = YES;
				CLANG_WARN_STRICT_PROTOTYPES = YES;
				CLANG_WARN_SUSPICIOUS_MOVE = YES;
				CLANG_WARN_UNGUARDED_AVAILABILITY = YES_AGGRESSIVE;
				CLANG_WARN_UNREACHABLE_CODE = YES;
				CLANG_WARN__DUPLICATE_METHOD_MATCH = YES;
				COPY_PHASE_STRIP = NO;
				DEAD_CODE_STRIPPING = YES;
				DEBUG_INFORMATION_FORMAT = "dwarf-with-dsym";
				ENABLE_NS_ASSERTIONS = NO;
				ENABLE_STRICT_OBJC_MSGSEND = YES;
				GCC_C_LANGUAGE_STANDARD = gnu11;
				GCC_NO_COMMON_BLOCKS = YES;
				GCC_WARN_64_TO_32_BIT_CONVERSION = YES;
				GCC_WARN_ABOUT_RETURN_TYPE = YES_ERROR;
				GCC_WARN_UNDECLARED_SELECTOR = YES;
				GCC_WARN_UNINITIALIZED_AUTOS = YES_AGGRESSIVE;
				GCC_WARN_UNUSED_FUNCTION = YES;
				GCC_WARN_UNUSED_VARIABLE = YES;
				MACOSX_DEPLOYMENT_TARGET = 13.3;
				MTL_ENABLE_DEBUG_INFO = NO;
				MTL_FAST_MATH = YES;
				SDKROOT = macosx;
				SWIFT_COMPILATION_MODE = wholemodule;
				SWIFT_OPTIMIZATION_LEVEL = "-O";
			};
			name = Release;
		};
		8A97DDD5299BCF2B001E25E1 /* Debug */ = {
			isa = XCBuildConfiguration;
			buildSettings = {
				ASSETCATALOG_COMPILER_APPICON_NAME = AppIcon;
				ASSETCATALOG_COMPILER_GLOBAL_ACCENT_COLOR_NAME = AccentColor;
				CODE_SIGN_ENTITLEMENTS = ColorPicker/ColorPicker.entitlements;
				CODE_SIGN_STYLE = Automatic;
				COMBINE_HIDPI_IMAGES = YES;
				CURRENT_PROJECT_VERSION = 1;
				DEAD_CODE_STRIPPING = YES;
				DEVELOPMENT_ASSET_PATHS = "\"ColorPicker/Preview Content\"";
				DEVELOPMENT_TEAM = RT5BSWJB4U;
				ENABLE_HARDENED_RUNTIME = YES;
				ENABLE_PREVIEWS = YES;
				GENERATE_INFOPLIST_FILE = YES;
				INFOPLIST_KEY_CFBundleDisplayName = Affability;
				INFOPLIST_KEY_LSApplicationCategoryType = "public.app-category.developer-tools";
				INFOPLIST_KEY_NSHumanReadableCopyright = "";
				LD_RUNPATH_SEARCH_PATHS = (
					"$(inherited)",
					"@executable_path/../Frameworks",
				);
				MARKETING_VERSION = 1.0;
				PRODUCT_BUNDLE_IDENTIFIER = com.stefkors.ColorPicker;
				PRODUCT_NAME = Affability;
				SWIFT_EMIT_LOC_STRINGS = YES;
				SWIFT_VERSION = 5.0;
			};
			name = Debug;
		};
		8A97DDD6299BCF2B001E25E1 /* Release */ = {
			isa = XCBuildConfiguration;
			buildSettings = {
				ASSETCATALOG_COMPILER_APPICON_NAME = AppIcon;
				ASSETCATALOG_COMPILER_GLOBAL_ACCENT_COLOR_NAME = AccentColor;
				CODE_SIGN_ENTITLEMENTS = ColorPicker/ColorPicker.entitlements;
				CODE_SIGN_STYLE = Automatic;
				COMBINE_HIDPI_IMAGES = YES;
				CURRENT_PROJECT_VERSION = 1;
				DEAD_CODE_STRIPPING = YES;
				DEVELOPMENT_ASSET_PATHS = "\"ColorPicker/Preview Content\"";
				DEVELOPMENT_TEAM = RT5BSWJB4U;
				ENABLE_HARDENED_RUNTIME = YES;
				ENABLE_PREVIEWS = YES;
				GENERATE_INFOPLIST_FILE = YES;
				INFOPLIST_KEY_CFBundleDisplayName = Affability;
				INFOPLIST_KEY_LSApplicationCategoryType = "public.app-category.developer-tools";
				INFOPLIST_KEY_NSHumanReadableCopyright = "";
				LD_RUNPATH_SEARCH_PATHS = (
					"$(inherited)",
					"@executable_path/../Frameworks",
				);
				MARKETING_VERSION = 1.0;
				PRODUCT_BUNDLE_IDENTIFIER = com.stefkors.ColorPicker;
				PRODUCT_NAME = Affability;
				SWIFT_EMIT_LOC_STRINGS = YES;
				SWIFT_VERSION = 5.0;
			};
			name = Release;
		};
		8A97DDD8299BCF2B001E25E1 /* Debug */ = {
			isa = XCBuildConfiguration;
			buildSettings = {
				ALWAYS_EMBED_SWIFT_STANDARD_LIBRARIES = YES;
				BUNDLE_LOADER = "$(TEST_HOST)";
				CODE_SIGN_STYLE = Automatic;
				CURRENT_PROJECT_VERSION = 1;
				DEAD_CODE_STRIPPING = YES;
				DEVELOPMENT_TEAM = RT5BSWJB4U;
				GENERATE_INFOPLIST_FILE = YES;
				MACOSX_DEPLOYMENT_TARGET = 13.1;
				MARKETING_VERSION = 1.0;
				PRODUCT_BUNDLE_IDENTIFIER = com.stefkors.ColorPickerTests;
				PRODUCT_NAME = "$(TARGET_NAME)";
				SWIFT_EMIT_LOC_STRINGS = NO;
				SWIFT_VERSION = 5.0;
				TEST_HOST = "$(BUILT_PRODUCTS_DIR)/ColorPicker.app/$(BUNDLE_EXECUTABLE_FOLDER_PATH)/ColorPicker";
			};
			name = Debug;
		};
		8A97DDD9299BCF2B001E25E1 /* Release */ = {
			isa = XCBuildConfiguration;
			buildSettings = {
				ALWAYS_EMBED_SWIFT_STANDARD_LIBRARIES = YES;
				BUNDLE_LOADER = "$(TEST_HOST)";
				CODE_SIGN_STYLE = Automatic;
				CURRENT_PROJECT_VERSION = 1;
				DEAD_CODE_STRIPPING = YES;
				DEVELOPMENT_TEAM = RT5BSWJB4U;
				GENERATE_INFOPLIST_FILE = YES;
				MACOSX_DEPLOYMENT_TARGET = 13.1;
				MARKETING_VERSION = 1.0;
				PRODUCT_BUNDLE_IDENTIFIER = com.stefkors.ColorPickerTests;
				PRODUCT_NAME = "$(TARGET_NAME)";
				SWIFT_EMIT_LOC_STRINGS = NO;
				SWIFT_VERSION = 5.0;
				TEST_HOST = "$(BUILT_PRODUCTS_DIR)/ColorPicker.app/$(BUNDLE_EXECUTABLE_FOLDER_PATH)/ColorPicker";
			};
			name = Release;
		};
		8A97DDDB299BCF2B001E25E1 /* Debug */ = {
			isa = XCBuildConfiguration;
			buildSettings = {
				ALWAYS_EMBED_SWIFT_STANDARD_LIBRARIES = YES;
				CODE_SIGN_STYLE = Automatic;
				CURRENT_PROJECT_VERSION = 1;
				DEAD_CODE_STRIPPING = YES;
				DEVELOPMENT_TEAM = RT5BSWJB4U;
				GENERATE_INFOPLIST_FILE = YES;
				MARKETING_VERSION = 1.0;
				PRODUCT_BUNDLE_IDENTIFIER = com.stefkors.ColorPickerUITests;
				PRODUCT_NAME = "$(TARGET_NAME)";
				SWIFT_EMIT_LOC_STRINGS = NO;
				SWIFT_VERSION = 5.0;
				TEST_TARGET_NAME = ColorPicker;
			};
			name = Debug;
		};
		8A97DDDC299BCF2B001E25E1 /* Release */ = {
			isa = XCBuildConfiguration;
			buildSettings = {
				ALWAYS_EMBED_SWIFT_STANDARD_LIBRARIES = YES;
				CODE_SIGN_STYLE = Automatic;
				CURRENT_PROJECT_VERSION = 1;
				DEAD_CODE_STRIPPING = YES;
				DEVELOPMENT_TEAM = RT5BSWJB4U;
				GENERATE_INFOPLIST_FILE = YES;
				MARKETING_VERSION = 1.0;
				PRODUCT_BUNDLE_IDENTIFIER = com.stefkors.ColorPickerUITests;
				PRODUCT_NAME = "$(TARGET_NAME)";
				SWIFT_EMIT_LOC_STRINGS = NO;
				SWIFT_VERSION = 5.0;
				TEST_TARGET_NAME = ColorPicker;
			};
			name = Release;
		};
/* End XCBuildConfiguration section */

/* Begin XCConfigurationList section */
		8A97DDAA299BCF29001E25E1 /* Build configuration list for PBXProject "ColorPicker" */ = {
			isa = XCConfigurationList;
			buildConfigurations = (
				8A97DDD2299BCF2B001E25E1 /* Debug */,
				8A97DDD3299BCF2B001E25E1 /* Release */,
			);
			defaultConfigurationIsVisible = 0;
			defaultConfigurationName = Release;
		};
		8A97DDD4299BCF2B001E25E1 /* Build configuration list for PBXNativeTarget "ColorPicker" */ = {
			isa = XCConfigurationList;
			buildConfigurations = (
				8A97DDD5299BCF2B001E25E1 /* Debug */,
				8A97DDD6299BCF2B001E25E1 /* Release */,
			);
			defaultConfigurationIsVisible = 0;
			defaultConfigurationName = Release;
		};
		8A97DDD7299BCF2B001E25E1 /* Build configuration list for PBXNativeTarget "ColorPickerTests" */ = {
			isa = XCConfigurationList;
			buildConfigurations = (
				8A97DDD8299BCF2B001E25E1 /* Debug */,
				8A97DDD9299BCF2B001E25E1 /* Release */,
			);
			defaultConfigurationIsVisible = 0;
			defaultConfigurationName = Release;
		};
		8A97DDDA299BCF2B001E25E1 /* Build configuration list for PBXNativeTarget "ColorPickerUITests" */ = {
			isa = XCConfigurationList;
			buildConfigurations = (
				8A97DDDB299BCF2B001E25E1 /* Debug */,
				8A97DDDC299BCF2B001E25E1 /* Release */,
			);
			defaultConfigurationIsVisible = 0;
			defaultConfigurationName = Release;
		};
/* End XCConfigurationList section */

/* Begin XCRemoteSwiftPackageReference section */
		8AD49F8D2A1CE0B400AD5321 /* XCRemoteSwiftPackageReference "ViewToAppIconSet" */ = {
			isa = XCRemoteSwiftPackageReference;
			repositoryURL = "git@github.com:StefKors/ViewToAppIconSet.git";
			requirement = {
				branch = main;
				kind = branch;
			};
		};
/* End XCRemoteSwiftPackageReference section */

/* Begin XCSwiftPackageProductDependency section */
		8AD49F8E2A1CE0B400AD5321 /* ViewToAppIconSet */ = {
			isa = XCSwiftPackageProductDependency;
			package = 8AD49F8D2A1CE0B400AD5321 /* XCRemoteSwiftPackageReference "ViewToAppIconSet" */;
			productName = ViewToAppIconSet;
		};
/* End XCSwiftPackageProductDependency section */
	};
	rootObject = 8A97DDA7299BCF29001E25E1 /* Project object */;
}
